
Microsoft Visual Studio Solution File, Format Version 12.00
# Visual Studio Version 17
VisualStudioVersion = 17.0.31903.59
MinimumVisualStudioVersion = 10.0.40219.1
Project("{FAE04EC0-301F-11D3-BF4B-00C04F79EFBC}") = "SmartTodo.Api", "SmartTodo.Api\SmartTodo.Api.csproj", "{6ED8A745-9432-48C4-B302-3BFCBCA5699B}"
EndProject
Project("{FAE04EC0-301F-11D3-BF4B-00C04F79EFBC}") = "SmartTodo.Application", "SmartTodo.Application\SmartTodo.Application.csproj", "{44ACF246-7E45-41BB-BB45-07A3B752E2AA}"
EndProject
Project("{FAE04EC0-301F-11D3-BF4B-00C04F79EFBC}") = "SmartTodo.Domain", "SmartTodo.Domain\SmartTodo.Domain.csproj", "{490B1EDA-D915-4EE2-835C-3E59DA99E2D6}"
EndProject
Project("{FAE04EC0-301F-11D3-BF4B-00C04F79EFBC}") = "SmartTodo.Infrastructure", "SmartTodo.Infrastructure\SmartTodo.Infrastructure.csproj", "{FA5EF9E5-4307-42EC-A61E-C4C5B1DBB338}"
EndProject
Global
	GlobalSection(SolutionConfigurationPlatforms) = preSolution
		Debug|Any CPU = Debug|Any CPU
		Release|Any CPU = Release|Any CPU
	EndGlobalSection
	GlobalSection(SolutionProperties) = preSolution
		HideSolutionNode = FALSE
	EndGlobalSection
	GlobalSection(ProjectConfigurationPlatforms) = postSolution
		{6ED8A745-9432-48C4-B302-3BFCBCA5699B}.Debug|Any CPU.ActiveCfg = Debug|Any CPU
		{6ED8A745-9432-48C4-B302-3BFCBCA5699B}.Debug|Any CPU.Build.0 = Debug|Any CPU
		{6ED8A745-9432-48C4-B302-3BFCBCA5699B}.Release|Any CPU.ActiveCfg = Release|Any CPU
		{6ED8A745-9432-48C4-B302-3BFCBCA5699B}.Release|Any CPU.Build.0 = Release|Any CPU
		{44ACF246-7E45-41BB-BB45-07A3B752E2AA}.Debug|Any CPU.ActiveCfg = Debug|Any CPU
		{44ACF246-7E45-41BB-BB45-07A3B752E2AA}.Debug|Any CPU.Build.0 = Debug|Any CPU
		{44ACF246-7E45-41BB-BB45-07A3B752E2AA}.Release|Any CPU.ActiveCfg = Release|Any CPU
		{44ACF246-7E45-41BB-BB45-07A3B752E2AA}.Release|Any CPU.Build.0 = Release|Any CPU
		{490B1EDA-D915-4EE2-835C-3E59DA99E2D6}.Debug|Any CPU.ActiveCfg = Debug|Any CPU
		{490B1EDA-D915-4EE2-835C-3E59DA99E2D6}.Debug|Any CPU.Build.0 = Debug|Any CPU
		{490B1EDA-D915-4EE2-835C-3E59DA99E2D6}.Release|Any CPU.ActiveCfg = Release|Any CPU
		{490B1EDA-D915-4EE2-835C-3E59DA99E2D6}.Release|Any CPU.Build.0 = Release|Any CPU
		{FA5EF9E5-4307-42EC-A61E-C4C5B1DBB338}.Debug|Any CPU.ActiveCfg = Debug|Any CPU
		{FA5EF9E5-4307-42EC-A61E-C4C5B1DBB338}.Debug|Any CPU.Build.0 = Debug|Any CPU
		{FA5EF9E5-4307-42EC-A61E-C4C5B1DBB338}.Release|Any CPU.ActiveCfg = Release|Any CPU
		{FA5EF9E5-4307-42EC-A61E-C4C5B1DBB338}.Release|Any CPU.Build.0 = Release|Any CPU
	EndGlobalSection
EndGlobal
